version = 1
revision = 3
requires-python = ">=3.14"

[[package]]
name = "luster-dlm"
version = "0.1.0"
source = { virtual = "." }
dependencies = [
    { name = "msgpack" },
    { name = "qpipe-rs" },
]

[package.metadata]
requires-dist = [
    { name = "msgpack", specifier = ">=1.1.2" },
    { name = "qpipe-rs", specifier = ">=1.8.1" },
]

[[package]]
name = "msgpack"
version = "1.2.2"
source = { registry = "https://pypi.org/simple" }
sdist = { url = "https://files.pythonhosted.org/packages/6d/44/ea2100ec54d30c46ee9dba10a3bfb79b655e96c6df237238a3234c75869b/msgpack-1.2.2.tar.gz", hash = "sha256:9eb0b0e602064527a045ea28c4f174ed69383587e29cebe28947e3b84106eb2a", size = 187025, upload-time = "2026-08-27T10:03:47.793Z" }
wheels = [
    { url = "https://files.pythonhosted.org/packages/5e/50/3e92c403346652cabd08cb8faceef847bae917ea3b3c81b64a5b6d09ed41/msgpack-1.2.2-cp314-cp314-macosx_10_15_x86_64.whl", hash = "sha256:e497ee34e8a3342bbde51b27c22d8db05a651df3361dd3daef5b3ab0d66f3e04", size = 84315, upload-time = "2026-08-27T10:02:41.181Z" },
    { url = "https://files.pythonhosted.org/packages/b6/dc/8efe6dd96a12ab043930cb4cffb40b6e7f061491d6ec7a3d2b75ef1fda42/msgpack-1.2.2-cp314-cp314-macosx_11_0_arm64.whl", hash = "sha256:0dd9173c5ebaf5ecc5ca86e7ae1db92934e1d57b856f3dd90698941431f4fd77", size = 84634, upload-time = "2026-08-27T10:02:42.621Z" },
    { url = "https://files.pythonhosted.org/packages/1b/89/996573095bf7b038c04dd65ddbc4f1a4d381b0f7a44ff9186f3c7b8325c2/msgpack-1.2.2-cp314-cp314-manylinux2014_aarch64.manylinux_2_17_aarch64.manylinux_2_28_aarch64.whl", hash = "sha256:8dc4487097571f7311188c3eca2a3e86cd1f1db4c37c7a017bcc3fd38486cbfe", size = 404194, upload-time = "2026-08-27T10:02:44.096Z" },
    { url = "https://files.pythonhosted.org/packages/b6/4e/46f5a5d949dbd054dab60cb15aac7ac6ae6774c134532893414689bf2f53/msgpack-1.2.2-cp314-cp314-manylinux2014_x86_64.manylinux_2_17_x86_64.manylinux_2_28_x86_64.whl", hash = "sha256:73b0e05c32c3cfc3cd84994908e57430c0ebc6813abf905d3f18ff115d54df3f", size = 412343, upload-time = "2026-08-27T10:02:45.747Z" },
    { url = "https://files.pythonhosted.org/packages/da/e8/739a94197358a313307e6e9e7d8d22ef66add39222de911a44161aa96920/msgpack-1.2.2-cp314-cp314-manylinux_2_31_riscv64.manylinux_2_39_riscv64.whl", hash = "sha256:aa1120c653b76d8eafa50423b5eba06b5c9737f8692c74fa3afe03e84b8978ea", size = 372620, upload-time = "2026-08-27T10:02:47.578Z" },
    { url = "https://files.pythonhosted.org/packages/03/d4/09b92e1fcdccea9466bfae45455367ac52362ae445d96a602e51b7a8df73/msgpack-1.2.2-cp314-cp314-musllinux_1_2_aarch64.whl", hash = "sha256:ccfd880988f8438d1c91c77d7edc58e70f4d2012e999167bc154c64c6f06ea6b", size = 394603, upload-time = "2026-08-27T10:02:49.172Z" },
    { url = "https://files.pythonhosted.org/packages/47/db/d11bd6f258a60703dcdc7a3772818ad0c2f602ee4c2acfb24088c6c3ebc3/msgpack-1.2.2-cp314-cp314-musllinux_1_2_riscv64.whl", hash = "sha256:6195257a107bf25872ef84aab7295078271eea3ac6413f0506b631f6c9586ed5", size = 372666, upload-time = "2026-08-27T10:02:50.886Z" },
    { url = "https://files.pythonhosted.org/packages/71/cf/fbbbac0c6e5fbb9d51abc23e3b5fe8620f5c01e0588797cf664a623bb9e1/msgpack-1.2.2-cp314-cp314-musllinux_1_2_x86_64.whl", hash = "sha256:b8dd6c71d20c28d2d0eb0c51e7cccf3584afde3b1364f6629596186c9025bd54", size = 410889, upload-time = "2026-08-27T10:02:52.51Z" },
    { url = "https://files.pythonhosted.org/packages/94/60/8366558da954095e04e7fbc351f9387d87a682feaee9a235ceda966f794b/msgpack-1.2.2-cp314-cp314-win32.whl", hash = "sha256:d242f3c4ccf55b056e6cf901720dccde58f1df117898f2bbf3bcd6e38ec7c248", size = 66774, upload-time = "2026-08-27T10:02:53.984Z" },
    { url = "https://files.pythonhosted.org/packages/4b/3d/1ce873c8057c65e4fbb076ffe1c99c9ae39d90a00a2540d7b06c652a292f/msgpack-1.2.2-cp314-cp314-win_amd64.whl", hash = "sha256:1510f24612d4b983dff6935d9273e02c320cfd525727fbcb58836a75f589fdbc", size = 73424, upload-time = "2026-08-27T10:02:55.277Z" },
    { url = "https://files.pythonhosted.org/packages/d5/55/e36f2a33e38657f33850d74e0bf256838a0d45802c298cc501a32bffcc08/msgpack-1.2.2-cp314-cp314-win_arm64.whl", hash = "sha256:7826f16edc763e768404f55605ef85dfcf5857e729c1ed29e0d7c180be4fe6d8", size = 67657, upload-time = "2026-08-27T10:02:56.493Z" },
    { url = "https://files.pythonhosted.org/packages/64/58/7e764b957bae80ae281a9cb28761068c8bae8d5c6ac0873e43cc69d176c7/msgpack-1.2.2-cp314-cp314t-macosx_10_15_x86_64.whl", hash = "sha256:f466049b8e1ec0854287bbe9a074316826fe0e08dcf707245f98b1ae49e92650", size = 86594, upload-time = "2026-08-27T10:02:57.796Z" },
    { url = "https://files.pythonhosted.org/packages/ae/f0/250f5985b6ee533e60d357571a808aaae03c54118294dc3db7158e27feb1/msgpack-1.2.2-cp314-cp314t-macosx_11_0_arm64.whl", hash = "sha256:1f6b6f8deb07d49090e1808c6ef9cb7d23ca17bef3aa6ed3e5e03df16606e60c", size = 87374, upload-time = "2026-08-27T10:02:59.256Z" },
    { url = "https://files.pythonhosted.org/packages/bd/2c/126ec8f187877c5f688631c543d1d3a3d75b2e66b83fb9de3ed7c13a39b6/msgpack-1.2.2-cp314-cp314t-manylinux2014_aarch64.manylinux_2_17_aarch64.manylinux_2_28_aarch64.whl", hash = "sha256:b542ffc0a5c531eedc40419f291f1bd659aa8d4223408a5b51c88a2796083fd3", size = 428157, upload-time = "2026-08-27T10:03:00.9Z" },
    { url = "https://files.pythonhosted.org/packages/95/21/d2d81d50aaedb14147d01f22094185794db3ad8a8791b60afacba0627c89/msgpack-1.2.2-cp314-cp314t-manylinux2014_x86_64.manylinux_2_17_x86_64.manylinux_2_28_x86_64.whl", hash = "sha256:7d095df2627e5dd59ac7b0c5ad627a671c76e6020171e03cbe4621a61f0562c3", size = 426669, upload-time = "2026-08-27T10:03:02.457Z" },
    { url = "https://files.pythonhosted.org/packages/c6/fc/f7d484ee5b572719608e7ffad569bea22ff11309a96ca2fae85eec94226b/msgpack-1.2.2-cp314-cp314t-manylinux_2_31_riscv64.manylinux_2_39_riscv64.whl", hash = "sha256:ffdd2f4950daf7815490f23087963e3420175b9609520b7ff5df64d351159c22", size = 380625, upload-time = "2026-08-27T10:03:04.244Z" },
    { url = "https://files.pythonhosted.org/packages/0a/c4/b924cbd5516676f4e612329f18602a833bd055ffbe27f808eeba0f01bfea/msgpack-1.2.2-cp314-cp314t-musllinux_1_2_aarch64.whl", hash = "sha256:652d1bf13d01bac8fd569def0fe76745e55bcda01e30aa6332d5947ea3788839", size = 411328, upload-time = "2026-08-27T10:03:05.869Z" },
    { url = "https://files.pythonhosted.org/packages/27/9d/0c1d9683a951a80f270c3b7dac1022c18b9307617344dd44d904135d5e12/msgpack-1.2.2-cp314-cp314t-musllinux_1_2_riscv64.whl", hash = "sha256:9bf452ff4d4981f25a18e9476e002bcc9263e7928024aa4d7148e25f7be3f929", size = 377892, upload-time = "2026-08-27T10:03:07.37Z" },
    { url = "https://files.pythonhosted.org/packages/06/bb/bf22338cdd22e0b40c8f28468cea5f3d9c320244c095d8303364bc012c41/msgpack-1.2.2-cp314-cp314t-musllinux_1_2_x86_64.whl", hash = "sha256:55faa6f8395e23b848c535ad5dcb96b3462f37f5e7f4ac500d500434f7345da7", size = 419426, upload-time = "2026-08-27T10:03:09Z" },
    { url = "https://files.pythonhosted.org/packages/7d/42/6d02c19a01abd8d7ce817c321d2ee6af1a8e24d584dca619d1b6576a83bf/msgpack-1.2.2-cp314-cp314t-win32.whl", hash = "sha256:419a45c67a5c04213172a14b1864657e014665b77d7081b107a51707923dd39e", size = 71810, upload-time = "2026-08-27T10:03:10.498Z" },
    { url = "https://files.pythonhosted.org/packages/af/df/fda3a204415dab0a8c0db5461ef7205416ea52bd8581c5cafd361be07f3b/msgpack-1.2.2-cp314-cp314t-win_amd64.whl", hash = "sha256:935b1cfad9b908b0fa845010f4271df4c2f04e1cd26e3f18acd61a45f93c9e36", size = 78919, upload-time = "2026-08-27T10:03:12.016Z" },
    { url = "https://files.pythonhosted.org/packages/63/d4/4b4b0ef25a86deca91feaf7252ca885ba4f2ada40461379120122a04fe96/msgpack-1.2.2-cp314-cp314t-win_arm64.whl", hash = "sha256:11e8c421e117d1c36728b423d0402555cccbf0c6f53e288f0e75b6b12100d70f", size = 71925, upload-time = "2026-08-27T10:03:13.332Z" },
    { url = "https://files.pythonhosted.org/packages/3b/92/4b44bc8f3243ef8cf9cb5368c17a299d45b9df858f6dfdd98a0482dbbb37/msgpack-1.2.2-cp315-cp315-macosx_10_15_x86_64.whl", hash = "sha256:e1b99ad34613d5f8477fa5cf99bc4eaeaf27965588007c102370cd9a78fe9de5", size = 84293, upload-time = "2026-08-27T10:03:14.718Z" },
    { url = "https://files.pythonhosted.org/packages/80/05/c992bb65744665a41b5bf531fc0e1619bae0901f57738228ded90023c151/msgpack-1.2.2-cp315-cp315-macosx_11_0_arm64.whl", hash = "sha256:0fbc1bed8a535389b41882cfae66376e248cd1680eaa94fd83193c73e1d24986", size = 84490, upload-time = "2026-08-27T10:03:16.12Z" },
    { url = "https://files.pythonhosted.org/packages/d7/bf/7f53b9e6709a4df7f9b9b81dc65f9dfaa32caf65bee94986ec2cb8fa07f1/msgpack-1.2.2-cp315-cp315-manylinux2014_aarch64.manylinux_2_17_aarch64.manylinux_2_28_aarch64.whl", hash = "sha256:06d95f61de7afe4f4ff908a6feebfcb070d0582ac87c9cf3cedf8551cf634516", size = 405332, upload-time = "2026-08-27T10:03:17.692Z" },
    { url = "https://files.pythonhosted.org/packages/d2/5a/305c4dca14b50d0b51fb88ef04ec125b8f0be3e2ce730dcc62dbaa651cc5/msgpack-1.2.2-cp315-cp315-manylinux2014_x86_64.manylinux_2_17_x86_64.manylinux_2_28_x86_64.whl", hash = "sha256:b5c696ae7cd7166b3657261adb855b461ff31f07823fdbae9de8bf80adfccc21", size = 416798, upload-time = "2026-08-27T10:03:19.389Z" },
    { url = "https://files.pythonhosted.org/packages/7a/df/a645102b4cdfd9a94201cac4e900e9c1429fc16d86aa311c06eef82528c9/msgpack-1.2.2-cp315-cp315-manylinux_2_31_riscv64.manylinux_2_39_riscv64.whl", hash = "sha256:0708afbf6a9587f0bfe479a9825c141d14d91e2f6a5c8103cf28bc96f4edb5d9", size = 377312, upload-time = "2026-08-27T10:03:20.928Z" },
    { url = "https://files.pythonhosted.org/packages/f4/26/c56d8d086d3fb1077bb48092b158b5ea2eee08b279e10c191275f13bc980/msgpack-1.2.2-cp315-cp315-musllinux_1_2_aarch64.whl", hash = "sha256:226a62ffe99fe54c5c61d910ec64c3449b7766c3280bd286bf6c94838dde239a", size = 395182, upload-time = "2026-08-27T10:03:22.571Z" },
    { url = "https://files.pythonhosted.org/packages/4d/b5/3d46ba367a565e536d8d2a61eebcee71b1dc803da3ce74a22313b573d6fa/msgpack-1.2.2-cp315-cp315-musllinux_1_2_riscv64.whl", hash = "sha256:9fd7f32e2f0fb334e7ecc5adb5cf0458785bd3a9d9d86f950e1715f101cebce5", size = 377945, upload-time = "2026-08-27T10:03:24.151Z" },
    { url = "https://files.pythonhosted.org/packages/a5/2c/d5d2df273ed5306357da25b69400fd8d7a53c4d87d8976604b677484d61c/msgpack-1.2.2-cp315-cp315-musllinux_1_2_x86_64.whl", hash = "sha256:9db1ba1c1e6a84245a9dd866265b56b8a1e9461549cc72ed296d8cbfbd32961b", size = 413341, upload-time = "2026-08-27T10:03:25.85Z" },
    { url = "https://files.pythonhosted.org/packages/1b/fb/32613bced3cad47b40b1b73dd04d687121349d83f748efc2575929121903/msgpack-1.2.2-cp315-cp315-win32.whl", hash = "sha256:e2eb7ea0ac3911a7aac9d8aaa36d40f216d99455b3274cd3fac38181bcd910cf", size = 66730, upload-time = "2026-08-27T10:03:27.294Z" },
    { url = "https://files.pythonhosted.org/packages/74/56/d86171f7251015e9312e5a7f9fdd4cf89752fc2114b88fed453d2a040c66/msgpack-1.2.2-cp315-cp315-win_amd64.whl", hash = "sha256:9352e6cdb510a7b1a5d3ccaccec730e82e50cf3484a3af7bdaab19e23b9589ff", size = 73477, upload-time = "2026-08-27T10:03:28.615Z" },
    { url = "https://files.pythonhosted.org/packages/13/1a/56b90f6defef61700b86baca3637c15f62ac0f9b21ab0f16613ab9d1f101/msgpack-1.2.2-cp315-cp315-win_arm64.whl", hash = "sha256:29cc2d5291711a52956a79a51f41c732329df39ad727c886bd8f0b5b9237a808", size = 67660, upload-time = "2026-08-27T10:03:29.895Z" },
    { url = "https://files.pythonhosted.org/packages/cd/20/12751ca0d8ec874701b54c392c2b19f51af8dd1de40a92a10e356f0aaf58/msgpack-1.2.2-cp315-cp315t-macosx_10_15_x86_64.whl", hash = "sha256:d886baa46b2532135e7320067e6a44edb09ba5883a6096b0f9c044533984b8a8", size = 86462, upload-time = "2026-08-27T10:03:31.348Z" },
    { url = "https://files.pythonhosted.org/packages/91/4c/cf6d12a3d709fe5f9771dd917c35e6ebcd55597a5b792287382fde056c95/msgpack-1.2.2-cp315-cp315t-macosx_11_0_arm64.whl", hash = "sha256:53679573c75cce5f82359e0bd4e6a97809a6b9a9b7a48fd1ba592f4a82cddc84", size = 87412, upload-time = "2026-08-27T10:03:32.74Z" },
    { url = "https://files.pythonhosted.org/packages/ca/0d/0aac5752d1708dcb458f8754db34a4999514db3df2d2b798b9381293f638/msgpack-1.2.2-cp315-cp315t-manylinux2014_aarch64.manylinux_2_17_aarch64.manylinux_2_28_aarch64.whl", hash = "sha256:d3c247d457ae9079974c7ce3c665396754a6d2baff7eaa51332212a8a5a3f13b", size = 422057, upload-time = "2026-08-27T10:03:34.124Z" },
    { url = "https://files.pythonhosted.org/packages/81/30/70f281a3685b04aaf235a5237da11b978a02a865a5a479186205177ad676/msgpack-1.2.2-cp315-cp315t-manylinux2014_x86_64.manylinux_2_17_x86_64.manylinux_2_28_x86_64.whl", hash = "sha256:352ed831042549cca8be23780e1fe7c9177e65ff02bf183509c4b4d33f671782", size = 422696, upload-time = "2026-08-27T10:03:35.862Z" },
    { url = "https://files.pythonhosted.org/packages/8a/6d/f76e8425efb0aa38988cd778ae290bfa120491d80d26872d88bb52fedb3f/msgpack-1.2.2-cp315-cp315t-manylinux_2_31_riscv64.manylinux_2_39_riscv64.whl", hash = "sha256:f80361592c13d7226b4379c8941529b63fe1a9d0e05d2de8f3306b70e522b53f", size = 376495, upload-time = "2026-08-27T10:03:37.339Z" },
    { url = "https://files.pythonhosted.org/packages/95/77/0809aa9b52b2868f7d01862dc14073708f0440421a65197b48453480034c/msgpack-1.2.2-cp315-cp315t-musllinux_1_2_aarch64.whl", hash = "sha256:68df2947921d449f6dcfeafd86cb2cdde13327a8b447534bbe4ee5aaf32a5695", size = 404683, upload-time = "2026-08-27T10:03:38.87Z" },
    { url = "https://files.pythonhosted.org/packages/02/d2/4e5ac915ba120172d210ef00165c5e6276c8a65db3a4a5cf36e946b83e23/msgpack-1.2.2-cp315-cp315t-musllinux_1_2_riscv64.whl", hash = "sha256:51dd39d23cfdea0400ed3ff2d29d1e83bd951d3aea79dc89be5b701a09edfe23", size = 375087, upload-time = "2026-08-27T10:03:40.486Z" },
    { url = "https://files.pythonhosted.org/packages/cb/e3/8051d53e5495c87c6cf27eb42fb680361017037f87f322bdaf525f71e4a2/msgpack-1.2.2-cp315-cp315t-musllinux_1_2_x86_64.whl", hash = "sha256:b13b59e66f107cca1ba708dd5307179870ca1b15b19fcee7ccf722e5308d9212", size = 414421, upload-time = "2026-08-27T10:03:42.308Z" },
    { url = "https://files.pythonhosted.org/packages/ba/4e/13783aa7c17414d7186c72c49bc718366f75e49f0ea58d4f81cb63ac3187/msgpack-1.2.2-cp315-cp315t-win32.whl", hash = "sha256:8c6321a414f8b4a8dc43976b2fa8349156434ca9adedd9a187b796f7e1d3d3fc", size = 71790, upload-time = "2026-08-27T10:03:43.715Z" },
    { url = "https://files.pythonhosted.org/packages/5e/9d/1d02994c7ae2603c98100984428ff0f67443572133bc18eca6058f732c1b/msgpack-1.2.2-cp315-cp315t-win_amd64.whl", hash = "sha256:6f53285f20d592ed309ee19e509cc4c77a3bda1db02ad67e8a0949bb227a5a6d", size = 78766, upload-time = "2026-08-27T10:03:45.036Z" },
    { url = "https://files.pythonhosted.org/packages/60/54/89ed16e6f966a050dc78b0e94a545025211b07ce9f4bdfe07dff70c03fc2/msgpack-1.2.2-cp315-cp315t-win_arm64.whl", hash = "sha256:a378e12ccc06d76efde115caf4073b7e5ff3cc18291d1341f9e65fb882e3f754", size = 71819, upload-time = "2026-08-27T10:03:46.375Z" },
]

[[package]]
name = "qpipe-rs"
version = "1.8.1"
source = { registry = "https://pypi.org/simple" }
wheels = [
    { url = "https://files.pythonhosted.org/packages/71/9f/b9aabc2ac0a718db8452f84cb4df0a3dc9b2624d3ec16f1f5c157dbc35b3/qpipe_rs-1.8.1-cp315-abi3.abi3t-macosx_10_12_x86_64.whl", hash = "sha256:948a1d2c2fa9b9463c3407bce2235c02225ae358a9e47a0643207a77135d6160", size = 3123411, upload-time = "2026-09-19T18:14:09.825Z" },
    { url = "https://files.pythonhosted.org/packages/45/6c/651a45a4eb6c9bd2d2ee7722d264a44cdc32835bf539b60c929ceaa73dae/qpipe_rs-1.8.1-cp315-abi3.abi3t-macosx_11_0_arm64.whl", hash = "sha256:648e9b78559f73675d0ee420f791d8997b7c34265b2063acc86222a6a55c5078", size = 2928892, upload-time = "2026-09-19T18:14:11.794Z" },
    { url = "https://files.pythonhosted.org/packages/e8/59/6444bb8c0cf4c4407429c2d156f5324a7d8539103a35059d2083f5789566/qpipe_rs-1.8.1-cp315-abi3.abi3t-manylinux2014_aarch64.manylinux_2_17_aarch64.whl", hash = "sha256:6b7918812f8a2b7bf7754837c4ad8473809acb4f322ec7bb75458f5ac9b7e9bd", size = 2804038, upload-time = "2026-09-19T18:14:13.409Z" },
    { url = "https://files.pythonhosted.org/packages/3c/0b/6abe9fa8532e2914df58f3933d568a07b9fae6a6ec37368e70b69e95b377/qpipe_rs-1.8.1-cp315-abi3.abi3t-manylinux2014_x86_64.manylinux_2_17_x86_64.whl", hash = "sha256:3c3fcaa140fc8e3cc346bb97d171283be20f21aed0b40a99b3696e6af1b02ce2", size = 3073492, upload-time = "2026-09-19T18:14:15.47Z" },
    { url = "https://files.pythonhosted.org/packages/f5/2a/aa31cafea162600858c91fbb084897d2f7905206ddb2bcfe11c566e01cd4/qpipe_rs-1.8.1-cp315-abi3.abi3t-musllinux_1_2_aarch64.whl", hash = "sha256:edff1966f00c34579f0d1c042bfb93e36d041ae440c267a12c9c7575515c1a7c", size = 2911661, upload-time = "2026-09-19T18:14:17.591Z" },
    { url = "https://files.pythonhosted.org/packages/8e/20/3b72989d19274dabca8feecd8ce733e4cc661a6e405c010e4a04b4d250ac/qpipe_rs-1.8.1-cp315-abi3.abi3t-musllinux_1_2_x86_64.whl", hash = "sha256:71f7a8e007af7b278710b416bedd0ef2d027ee131aa117f4ca862a5b29f21eea", size = 3165397, upload-time = "2026-09-19T18:14:19.205Z" },
    { url = "https://files.pythonhosted.org/packages/a3/55/95abaae59591fc8cb46c23bb2d6c4be239069c204a0d51a2837ab9f58063/qpipe_rs-1.8.1-cp315-abi3.abi3t-win_amd64.whl", hash = "sha256:5e30f026d58648e8b0a05990f69649cf44f40331fd8877e02194b259e74a78c4", size = 2475805, upload-time = "2026-09-19T18:14:21.012Z" },
    { url = "https://files.pythonhosted.org/packages/92/7f/138eae62216eb66827523938784d3007ee995bfd5e295768164314192f7b/qpipe_rs-1.8.1-cp315-abi3.abi3t-win_arm64.whl", hash = "sha256:e4dda3792c78b6e11c18058128d43ea6322ce88866b21bd056550e4f4f7144f3", size = 2263110, upload-time = "2026-09-19T18:14:22.687Z" },
    { url = "https://files.pythonhosted.org/packages/92/44/2a4dd36fc959a4ff3d2400f15bbc3b4bac408ee9ec3e2027805acd2dae40/qpipe_rs-1.8.1-cp39-abi3-macosx_10_12_x86_64.whl", hash = "sha256:57bd2a82828393ab49cdd4edf890560875b37563f00f0c350ce0963b55f07989", size = 3129389, upload-time = "2026-09-19T18:14:24.433Z" },
    { url = "https://files.pythonhosted.org/packages/d4/9a/6460eb6c8c2880be7c2350640c6265c702e9778be6a393cad43b393efdde/qpipe_rs-1.8.1-cp39-abi3-macosx_11_0_arm64.whl", hash = "sha256:b70a35d7d5afa2808718c4e9706c6942547b2c7128e427ac4ebbc8c04fdef66f", size = 2937472, upload-time = "2026-09-19T18:14:26.312Z" },
    { url = "https://files.pythonhosted.org/packages/b1/0a/34b289035a7047a830fa73a5510b67aa7f5dfdc199983fda743d5eae4a82/qpipe_rs-1.8.1-cp39-abi3-manylinux2014_aarch64.manylinux_2_17_aarch64.whl", hash = "sha256:510f88393a293d38d658962de3c480d603c6414d642d8948f89ffb0c247f08bf", size = 2809044, upload-time = "2026-09-19T18:14:27.984Z" },
    { url = "https://files.pythonhosted.org/packages/1f/68/1ee40fe359a6397321dedcebd9cab7c935829c5dd8229d3fbe3067a2e754/qpipe_rs-1.8.1-cp39-abi3-manylinux2014_x86_64.manylinux_2_17_x86_64.whl", hash = "sha256:3ec9cb4ca7b743022041e2ef65538939a6c9f82194385836a8f1cc8790ab4ae4", size = 3078531, upload-time = "2026-09-19T18:14:29.916Z" },
    { url = "https://files.pythonhosted.org/packages/02/22/6d212f1955fecd5f1f2497dcbaad7bff7ea218efbe76da23cb7b63e817d8/qpipe_rs-1.8.1-cp39-abi3-musllinux_1_2_aarch64.whl", hash = "sha256:3027193a1e1e867ae813c5cb6ac63c6e86f25d9dea59677aa5497a601512cfce", size = 2916743, upload-time = "2026-09-19T18:14:32.512Z" },
    { url = "https://files.pythonhosted.org/packages/f4/e8/565016e973e54766188d7577e04e1b3d46711fff880d9ab85f6812aee26e/qpipe_rs-1.8.1-cp39-abi3-musllinux_1_2_x86_64.whl", hash = "sha256:598a3fd00ca1fa2f31fe1dda7cfa087dabc2568af9f66dab147fb3e8a28ba0c9", size = 3170454, upload-time = "2026-09-19T18:14:34.245Z" },
    { url = "https://files.pythonhosted.org/packages/f5/7b/5b0b7bed1e28367fb62e677502f1854d57d3280d211f59dea76993ed9397/qpipe_rs-1.8.1-cp39-abi3-win_amd64.whl", hash = "sha256:b5ba4a3e0395406215e835530a7cce4dbb7f87bdf8d094c5dbc8c4960bdd2799", size = 2481620, upload-time = "2026-09-19T18:14:36.987Z" },
    { url = "https://files.pythonhosted.org/packages/db/0d/3dea511e601f43d13c79975ed979380854bf446503ead8f6f4edba304e06/qpipe_rs-1.8.1-cp39-abi3-win_arm64.whl", hash = "sha256:9bde4759279c7c8df2fdd168da14904b16695e99ca5fb342bad8ff83edecbef5", size = 2269395, upload-time = "2026-09-19T18:14:39.157Z" },
]
